Microsoft Visual Studio Solution File, Format Version 12.00
# Visual Studio Version 17
VisualStudioVersion = 17.13.35806.99
MinimumVisualStudioVersion = 10.0.40219.1
Project("{2150E333-8FDC-42A3-9474-1A3956D46DE8}") = "src", "src", "{A58091C8-4134-44B8-A263-3721332789C8}"
EndProject
Project("{2150E333-8FDC-42A3-9474-1A3956D46DE8}") = "tests", "tests", "{F4C71F59-0253-45D5-B15F-97EE55D2859F}"
EndProject
Project("{2150E333-8FDC-42A3-9474-1A3956D46DE8}") = "samples", "samples", "{F02CEDDE-5FBF-4952-B249-9FB86FAAA618}"
EndProject
Project("{2150E333-8FDC-42A3-9474-1A3956D46DE8}") = "docs", "docs", "{3C3CD582-D327-4C4A-B2A8-51E1E58F567E}"
	ProjectSection(SolutionItems) = preProject
		docs\architecture.md = docs\architecture.md
		docs\design-decisions.md = docs\design-decisions.md
		docs\development-process.md = docs\development-process.md
		docs\README.md = docs\README.md
		docs\release-process.md = docs\release-process.md
	EndProjectSection
EndProject
Project("{FAE04EC0-301F-11D3-BF4B-00C04F79EFBC}") = "AStarNet.ConsoleDemo", "samples\AStarNet.ConsoleDemo\AStarNet.ConsoleDemo.csproj", "{A8D262BC-3A04-D3BB-F7DE-8526D185AD2D}"
EndProject
Project("{FAE04EC0-301F-11D3-BF4B-00C04F79EFBC}") = "AStarNet", "src\AStarNet\AStarNet.csproj", "{5F838E06-66FF-48CF-BE4F-3AA606248C05}"
EndProject
Project("{FAE04EC0-301F-11D3-BF4B-00C04F79EFBC}") = "AStarNet.Tests", "tests\AStarNet.Tests\AStarNet.Tests.csproj", "{61A13281-E59B-4F65-8EA0-68535B39BFD4}"
EndProject
Global
	GlobalSection(SolutionConfigurationPlatforms) = preSolution
		Debug|Any CPU = Debug|Any CPU
		Release|Any CPU = Release|Any CPU
	EndGlobalSection
	GlobalSection(ProjectConfigurationPlatforms) = postSolution
		{A8D262BC-3A04-D3BB-F7DE-8526D185AD2D}.Debug|Any CPU.ActiveCfg = Debug|Any CPU
		{A8D262BC-3A04-D3BB-F7DE-8526D185AD2D}.Debug|Any CPU.Build.0 = Debug|Any CPU
		{A8D262BC-3A04-D3BB-F7DE-8526D185AD2D}.Release|Any CPU.ActiveCfg = Release|Any CPU
		{A8D262BC-3A04-D3BB-F7DE-8526D185AD2D}.Release|Any CPU.Build.0 = Release|Any CPU
		{5F838E06-66FF-48CF-BE4F-3AA606248C05}.Debug|Any CPU.ActiveCfg = Debug|Any CPU
		{5F838E06-66FF-48CF-BE4F-3AA606248C05}.Debug|Any CPU.Build.0 = Debug|Any CPU
		{5F838E06-66FF-48CF-BE4F-3AA606248C05}.Release|Any CPU.ActiveCfg = Release|Any CPU
		{5F838E06-66FF-48CF-BE4F-3AA606248C05}.Release|Any CPU.Build.0 = Release|Any CPU
		{61A13281-E59B-4F65-8EA0-68535B39BFD4}.Debug|Any CPU.ActiveCfg = Debug|Any CPU
		{61A13281-E59B-4F65-8EA0-68535B39BFD4}.Debug|Any CPU.Build.0 = Debug|Any CPU
		{61A13281-E59B-4F65-8EA0-68535B39BFD4}.Release|Any CPU.ActiveCfg = Release|Any CPU
		{61A13281-E59B-4F65-8EA0-68535B39BFD4}.Release|Any CPU.Build.0 = Release|Any CPU
	EndGlobalSection
	GlobalSection(SolutionProperties) = preSolution
		HideSolutionNode = FALSE
	EndGlobalSection
	GlobalSection(NestedProjects) = preSolution
		{5F838E06-66FF-48CF-BE4F-3AA606248C05} = {A58091C8-4134-44B8-A263-3721332789C8}
		{61A13281-E59B-4F65-8EA0-68535B39BFD4} = {F4C71F59-0253-45D5-B15F-97EE55D2859F}
		{A8D262BC-3A04-D3BB-F7DE-8526D185AD2D} = {F02CEDDE-5FBF-4952-B249-9FB86FAAA618}
	EndGlobalSection
	GlobalSection(ExtensibilityGlobals) = postSolution
		SolutionGuid = {9B6941DC-80F6-48A6-A8A4-647878A3B497}
	EndGlobalSection
EndGlobal
